
Microsoft Visual Studio Solution File, Format Version 12.00
# Visual Studio Version 16
VisualStudioVersion = 16.0.29806.167
MinimumVisualStudioVersion = 10.0.40219.1
Project("{9A19103F-16F7-4668-BE54-9A1E7A4F7556}") = "qrAPI", "qrAPI\qrAPI.csproj", "{A5A2405A-427E-404E-B285-60B5E72A6ADB}"
EndProject
Project("{9A19103F-16F7-4668-BE54-9A1E7A4F7556}") = "qrAPI.Contracts", "qrAPI.Contracts\qrAPI.Contracts.csproj", "{49738199-3771-4DA1-A579-500268323B86}"
EndProject
Project("{9A19103F-16F7-4668-BE54-9A1E7A4F7556}") = "qrAPI.Logic.Tests", "qrAPI.Logic.Tests\qrAPI.Logic.Tests.csproj", "{7B077665-BAD2-4F86-A9ED-D73860CBBA74}"
EndProject
Project("{9A19103F-16F7-4668-BE54-9A1E7A4F7556}") = "qrAPI.IntegrationTests", "qrAPI.IntegrationTests\qrAPI.IntegrationTests.csproj", "{5E4397F5-E54D-43FB-A917-027E344F2DDD}"
EndProject
Project("{9A19103F-16F7-4668-BE54-9A1E7A4F7556}") = "qrAPI.DAL", "qrAPI.DAL\qrAPI.DAL.csproj", "{B782D63C-A832-4AAF-B421-371EDD48BF95}"
EndProject
Project("{9A19103F-16F7-4668-BE54-9A1E7A4F7556}") = "qrAPI.Logic", "qrAPI.Logic\qrAPI.Logic.csproj", "{45AA4FE5-9BEC-43AB-A716-2CE5261C19A5}"
EndProject
Project("{9A19103F-16F7-4668-BE54-9A1E7A4F7556}") = "qrAPI.DAL.Tests", "qrAPI.DAL.Tests\qrAPI.DAL.Tests.csproj", "{144812D0-8F6F-4A89-AD24-165939F907DA}"
EndProject
Project("{9A19103F-16F7-4668-BE54-9A1E7A4F7556}") = "qrAPI.Presentation", "qrAPI.Presentation\qrAPI.Presentation.csproj", "{5F709B57-BC89-46B7-8D18-5B424B61A91D}"
EndProject
Project("{9A19103F-16F7-4668-BE54-9A1E7A4F7556}") = "qrAPI.Infrastructure", "qrAPI.Infrastructure\qrAPI.Infrastructure.csproj", "{5E3704F3-66EF-4A2F-A823-C748A0ECC9C0}"
EndProject
Project("{9A19103F-16F7-4668-BE54-9A1E7A4F7556}") = "qrAPI.Presentation.Tests", "qrAPI.Presentation.Tests\qrAPI.Presentation.Tests.csproj", "{C83657AA-F7B2-40A9-9C46-F5473E21DE47}"
EndProject
Project("{9A19103F-16F7-4668-BE54-9A1E7A4F7556}") = "qrAPI.Sdk", "qrAPI.Sdk\qrAPI.Sdk.csproj", "{F65876F3-7891-4BDC-BF8F-0F20E2354618}"
EndProject
Global
	GlobalSection(SolutionConfigurationPlatforms) = preSolution
		Debug|Any CPU = Debug|Any CPU
		Release|Any CPU = Release|Any CPU
	EndGlobalSection
	GlobalSection(ProjectConfigurationPlatforms) = postSolution
		{A5A2405A-427E-404E-B285-60B5E72A6ADB}.Debug|Any CPU.ActiveCfg = Debug|Any CPU
		{A5A2405A-427E-404E-B285-60B5E72A6ADB}.Debug|Any CPU.Build.0 = Debug|Any CPU
		{A5A2405A-427E-404E-B285-60B5E72A6ADB}.Release|Any CPU.ActiveCfg = Release|Any CPU
		{A5A2405A-427E-404E-B285-60B5E72A6ADB}.Release|Any CPU.Build.0 = Release|Any CPU
		{49738199-3771-4DA1-A579-500268323B86}.Debug|Any CPU.ActiveCfg = Debug|Any CPU
		{49738199-3771-4DA1-A579-500268323B86}.Debug|Any CPU.Build.0 = Debug|Any CPU
		{49738199-3771-4DA1-A579-500268323B86}.Release|Any CPU.ActiveCfg = Release|Any CPU
		{49738199-3771-4DA1-A579-500268323B86}.Release|Any CPU.Build.0 = Release|Any CPU
		{7B077665-BAD2-4F86-A9ED-D73860CBBA74}.Debug|Any CPU.ActiveCfg = Debug|Any CPU
		{7B077665-BAD2-4F86-A9ED-D73860CBBA74}.Debug|Any CPU.Build.0 = Debug|Any CPU
		{7B077665-BAD2-4F86-A9ED-D73860CBBA74}.Release|Any CPU.ActiveCfg = Release|Any CPU
		{7B077665-BAD2-4F86-A9ED-D73860CBBA74}.Release|Any CPU.Build.0 = Release|Any CPU
		{5E4397F5-E54D-43FB-A917-027E344F2DDD}.Debug|Any CPU.ActiveCfg = Debug|Any CPU
		{5E4397F5-E54D-43FB-A917-027E344F2DDD}.Debug|Any CPU.Build.0 = Debug|Any CPU
		{5E4397F5-E54D-43FB-A917-027E344F2DDD}.Release|Any CPU.ActiveCfg = Release|Any CPU
		{5E4397F5-E54D-43FB-A917-027E344F2DDD}.Release|Any CPU.Build.0 = Release|Any CPU
		{B782D63C-A832-4AAF-B421-371EDD48BF95}.Debug|Any CPU.ActiveCfg = Debug|Any CPU
		{B782D63C-A832-4AAF-B421-371EDD48BF95}.Debug|Any CPU.Build.0 = Debug|Any CPU
		{B782D63C-A832-4AAF-B421-371EDD48BF95}.Release|Any CPU.ActiveCfg = Release|Any CPU
		{B782D63C-A832-4AAF-B421-371EDD48BF95}.Release|Any CPU.Build.0 = Release|Any CPU
		{45AA4FE5-9BEC-43AB-A716-2CE5261C19A5}.Debug|Any CPU.ActiveCfg = Debug|Any CPU
		{45AA4FE5-9BEC-43AB-A716-2CE5261C19A5}.Debug|Any CPU.Build.0 = Debug|Any CPU
		{45AA4FE5-9BEC-43AB-A716-2CE5261C19A5}.Release|Any CPU.ActiveCfg = Release|Any CPU
		{45AA4FE5-9BEC-43AB-A716-2CE5261C19A5}.Release|Any CPU.Build.0 = Release|Any CPU
		{144812D0-8F6F-4A89-AD24-165939F907DA}.Debug|Any CPU.ActiveCfg = Debug|Any CPU
		{144812D0-8F6F-4A89-AD24-165939F907DA}.Debug|Any CPU.Build.0 = Debug|Any CPU
		{144812D0-8F6F-4A89-AD24-165939F907DA}.Release|Any CPU.ActiveCfg = Release|Any CPU
		{144812D0-8F6F-4A89-AD24-165939F907DA}.Release|Any CPU.Build.0 = Release|Any CPU
		{5F709B57-BC89-46B7-8D18-5B424B61A91D}.Debug|Any CPU.ActiveCfg = Debug|Any CPU
		{5F709B57-BC89-46B7-8D18-5B424B61A91D}.Debug|Any CPU.Build.0 = Debug|Any CPU
		{5F709B57-BC89-46B7-8D18-5B424B61A91D}.Release|Any CPU.ActiveCfg = Release|Any CPU
		{5F709B57-BC89-46B7-8D18-5B424B61A91D}.Release|Any CPU.Build.0 = Release|Any CPU
		{5E3704F3-66EF-4A2F-A823-C748A0ECC9C0}.Debug|Any CPU.ActiveCfg = Debug|Any CPU
		{5E3704F3-66EF-4A2F-A823-C748A0ECC9C0}.Debug|Any CPU.Build.0 = Debug|Any CPU
		{5E3704F3-66EF-4A2F-A823-C748A0ECC9C0}.Release|Any CPU.ActiveCfg = Release|Any CPU
		{5E3704F3-66EF-4A2F-A823-C748A0ECC9C0}.Release|Any CPU.Build.0 = Release|Any CPU
		{C83657AA-F7B2-40A9-9C46-F5473E21DE47}.Debug|Any CPU.ActiveCfg = Debug|Any CPU
		{C83657AA-F7B2-40A9-9C46-F5473E21DE47}.Debug|Any CPU.Build.0 = Debug|Any CPU
		{C83657AA-F7B2-40A9-9C46-F5473E21DE47}.Release|Any CPU.ActiveCfg = Release|Any CPU
		{C83657AA-F7B2-40A9-9C46-F5473E21DE47}.Release|Any CPU.Build.0 = Release|Any CPU
		{F65876F3-7891-4BDC-BF8F-0F20E2354618}.Debug|Any CPU.ActiveCfg = Debug|Any CPU
		{F65876F3-7891-4BDC-BF8F-0F20E2354618}.Debug|Any CPU.Build.0 = Debug|Any CPU
		{F65876F3-7891-4BDC-BF8F-0F20E2354618}.Release|Any CPU.ActiveCfg = Release|Any CPU
		{F65876F3-7891-4BDC-BF8F-0F20E2354618}.Release|Any CPU.Build.0 = Release|Any CPU
	EndGlobalSection
	GlobalSection(SolutionProperties) = preSolution
		HideSolutionNode = FALSE
	EndGlobalSection
	GlobalSection(ExtensibilityGlobals) = postSolution
		SolutionGuid = {FFD0879E-6728-4708-A4CD-1A5E5189AB74}
	EndGlobalSection
EndGlobal
